
Microsoft Visual Studio Solution File, Format Version 12.00
# Visual Studio Version 17
VisualStudioVersion = 17.7.34024.191
MinimumVisualStudioVersion = 10.0.40219.1
Project("{FAE04EC0-301F-11D3-BF4B-00C04F79EFBC}") = "TestWpfCubeProg", "TestWpfCubeProg\TestWpfCubeProg.csproj", "{D60C8E5F-9B76-4F81-A208-348D80804EFE}"
EndProject
Global
	GlobalSection(SolutionConfigurationPlatforms) = preSolution
		Debug|Any CPU = Debug|Any CPU
		Release|Any CPU = Release|Any CPU
	EndGlobalSection
	GlobalSection(ProjectConfigurationPlatforms) = postSolution
		{D60C8E5F-9B76-4F81-A208-348D80804EFE}.Debug|Any CPU.ActiveCfg = Debug|Any CPU
		{D60C8E5F-9B76-4F81-A208-348D80804EFE}.Debug|Any CPU.Build.0 = Debug|Any CPU
		{D60C8E5F-9B76-4F81-A208-348D80804EFE}.Release|Any CPU.ActiveCfg = Release|Any CPU
		{D60C8E5F-9B76-4F81-A208-348D80804EFE}.Release|Any CPU.Build.0 = Release|Any CPU
	EndGlobalSection
	GlobalSection(SolutionProperties) = preSolution
		HideSolutionNode = FALSE
	EndGlobalSection
	GlobalSection(ExtensibilityGlobals) = postSolution
		SolutionGuid = {1B59CF61-39B2-4356-9406-67447C65192B}
	EndGlobalSection
EndGlobal
